
Microsoft Visual Studio Solution File, Format Version 12.00
# Visual Studio Version 16
VisualStudioVersion = 16.0.28922.388
MinimumVisualStudioVersion = 10.0.40219.1
Project("{8BC9CEB8-8B4A-11D0-8D11-00A0C91BC942}") = "Stack", "Stack.vcxproj", "{C78940CC-F714-4956-978C-E923DFF83D77}"
EndProject
Global
	GlobalSection(SolutionConfigurationPlatforms) = preSolution
		Debug|x64 = Debug|x64
		Debug|x86 = Debug|x86
		Release|x64 = Release|x64
		Release|x86 = Release|x86
	EndGlobalSection
	GlobalSection(ProjectConfigurationPlatforms) = postSolution
		{C78940CC-F714-4956-978C-E923DFF83D77}.Debug|x64.ActiveCfg = Debug|x64
		{C78940CC-F714-4956-978C-E923DFF83D77}.Debug|x64.Build.0 = Debug|x64
		{C78940CC-F714-4956-978C-E923DFF83D77}.Debug|x86.ActiveCfg = Debug|Win32
		{C78940CC-F714-4956-978C-E923DFF83D77}.Debug|x86.Build.0 = Debug|Win32
		{C78940CC-F714-4956-978C-E923DFF83D77}.Release|x64.ActiveCfg = Release|x64
		{C78940CC-F714-4956-978C-E923DFF83D77}.Release|x64.Build.0 = Release|x64
		{C78940CC-F714-4956-978C-E923DFF83D77}.Release|x86.ActiveCfg = Release|Win32
		{C78940CC-F714-4956-978C-E923DFF83D77}.Release|x86.Build.0 = Release|Win32
	EndGlobalSection
	GlobalSection(SolutionProperties) = preSolution
		HideSolutionNode = FALSE
	EndGlobalSection
	GlobalSection(ExtensibilityGlobals) = postSolution
		SolutionGuid = {F4B9D5B1-C845-44C6-A1EB-AD4173E557B8}
	EndGlobalSection
EndGlobal
